
Microsoft Visual Studio Solution File, Format Version 12.00
# Visual Studio Version 17
VisualStudioVersion = 17.8.34330.188
MinimumVisualStudioVersion = 10.0.40219.1
Project("{FAE04EC0-301F-11D3-BF4B-00C04F79EFBC}") = "PEPRN231_FA24_TongTranLeHuy_BE", "PEPRN231_FA24_TongTranLeHuy_BE\PEPRN231_FA24_TongTranLeHuy_BE.csproj", "{7F348A53-52ED-4206-BD54-6738C7CF2664}"
EndProject
Project("{FAE04EC0-301F-11D3-BF4B-00C04F79EFBC}") = "WatercolorsPaintingRepository", "WatercolorsPaintingRepository\WatercolorsPaintingRepository.csproj", "{AE695509-77F1-492F-99DD-74D416039E12}"
EndProject
Project("{FAE04EC0-301F-11D3-BF4B-00C04F79EFBC}") = "PEPRN231_FA24_TongTranLeHuy_FE", "PEPRN231_FA24_TongTranLeHuy_FE\PEPRN231_FA24_TongTranLeHuy_FE.csproj", "{99E2D868-BAC7-48D4-868D-09B87D41BEF4}"
EndProject
Global
	GlobalSection(SolutionConfigurationPlatforms) = preSolution
		Debug|Any CPU = Debug|Any CPU
		Release|Any CPU = Release|Any CPU
	EndGlobalSection
	GlobalSection(ProjectConfigurationPlatforms) = postSolution
		{7F348A53-52ED-4206-BD54-6738C7CF2664}.Debug|Any CPU.ActiveCfg = Debug|Any CPU
		{7F348A53-52ED-4206-BD54-6738C7CF2664}.Debug|Any CPU.Build.0 = Debug|Any CPU
		{7F348A53-52ED-4206-BD54-6738C7CF2664}.Release|Any CPU.ActiveCfg = Release|Any CPU
		{7F348A53-52ED-4206-BD54-6738C7CF2664}.Release|Any CPU.Build.0 = Release|Any CPU
		{AE695509-77F1-492F-99DD-74D416039E12}.Debug|Any CPU.ActiveCfg = Debug|Any CPU
		{AE695509-77F1-492F-99DD-74D416039E12}.Debug|Any CPU.Build.0 = Debug|Any CPU
		{AE695509-77F1-492F-99DD-74D416039E12}.Release|Any CPU.ActiveCfg = Release|Any CPU
		{AE695509-77F1-492F-99DD-74D416039E12}.Release|Any CPU.Build.0 = Release|Any CPU
		{99E2D868-BAC7-48D4-868D-09B87D41BEF4}.Debug|Any CPU.ActiveCfg = Debug|Any CPU
		{99E2D868-BAC7-48D4-868D-09B87D41BEF4}.Debug|Any CPU.Build.0 = Debug|Any CPU
		{99E2D868-BAC7-48D4-868D-09B87D41BEF4}.Release|Any CPU.ActiveCfg = Release|Any CPU
		{99E2D868-BAC7-48D4-868D-09B87D41BEF4}.Release|Any CPU.Build.0 = Release|Any CPU
	EndGlobalSection
	GlobalSection(SolutionProperties) = preSolution
		HideSolutionNode = FALSE
	EndGlobalSection
	GlobalSection(ExtensibilityGlobals) = postSolution
		SolutionGuid = {4C416F5A-08AF-417A-A642-04715A886115}
	EndGlobalSection
EndGlobal
